
Microsoft Visual Studio Solution File, Format Version 12.00
# Visual Studio Version 17
VisualStudioVersion = 17.7.34221.43
MinimumVisualStudioVersion = 10.0.40219.1
Project("{9A19103F-16F7-4668-BE54-9A1E7A4F7556}") = "TestScope", "TestScope\TestScope.csproj", "{41EBC809-1E12-4774-A9BF-3B9C142142BC}"
EndProject
Project("{9A19103F-16F7-4668-BE54-9A1E7A4F7556}") = "TestScope.Test", "TestScope.Test\TestScope.Test.csproj", "{D3FB4C5A-37F8-42B5-9941-D4FED24F960E}"
EndProject
Global
	GlobalSection(SolutionConfigurationPlatforms) = preSolution
		Debug|Any CPU = Debug|Any CPU
		Release|Any CPU = Release|Any CPU
	EndGlobalSection
	GlobalSection(ProjectConfigurationPlatforms) = postSolution
		{41EBC809-1E12-4774-A9BF-3B9C142142BC}.Debug|Any CPU.ActiveCfg = Debug|Any CPU
		{41EBC809-1E12-4774-A9BF-3B9C142142BC}.Debug|Any CPU.Build.0 = Debug|Any CPU
		{41EBC809-1E12-4774-A9BF-3B9C142142BC}.Release|Any CPU.ActiveCfg = Release|Any CPU
		{41EBC809-1E12-4774-A9BF-3B9C142142BC}.Release|Any CPU.Build.0 = Release|Any CPU
		{D3FB4C5A-37F8-42B5-9941-D4FED24F960E}.Debug|Any CPU.ActiveCfg = Debug|Any CPU
		{D3FB4C5A-37F8-42B5-9941-D4FED24F960E}.Debug|Any CPU.Build.0 = Debug|Any CPU
		{D3FB4C5A-37F8-42B5-9941-D4FED24F960E}.Release|Any CPU.ActiveCfg = Release|Any CPU
		{D3FB4C5A-37F8-42B5-9941-D4FED24F960E}.Release|Any CPU.Build.0 = Release|Any CPU
	EndGlobalSection
	GlobalSection(SolutionProperties) = preSolution
		HideSolutionNode = FALSE
	EndGlobalSection
	GlobalSection(ExtensibilityGlobals) = postSolution
		SolutionGuid = {FD2BE064-EF85-4DA6-A898-A99374ED9607}
	EndGlobalSection
EndGlobal
